
Microsoft Visual Studio Solution File, Format Version 12.00
# Visual Studio Version 17
VisualStudioVersion = 17.1.32421.90
MinimumVisualStudioVersion = 10.0.40219.1
Project("{FAE04EC0-301F-11D3-BF4B-00C04F79EFBC}") = "APIVersionControl", "APIVersionControl\APIVersionControl.csproj", "{5D480641-4922-47D9-9C0C-58303393F5CD}"
EndProject
Global
	GlobalSection(SolutionConfigurationPlatforms) = preSolution
		Debug|Any CPU = Debug|Any CPU
		Release|Any CPU = Release|Any CPU
	EndGlobalSection
	GlobalSection(ProjectConfigurationPlatforms) = postSolution
		{5D480641-4922-47D9-9C0C-58303393F5CD}.Debug|Any CPU.ActiveCfg = Debug|Any CPU
		{5D480641-4922-47D9-9C0C-58303393F5CD}.Debug|Any CPU.Build.0 = Debug|Any CPU
		{5D480641-4922-47D9-9C0C-58303393F5CD}.Release|Any CPU.ActiveCfg = Release|Any CPU
		{5D480641-4922-47D9-9C0C-58303393F5CD}.Release|Any CPU.Build.0 = Release|Any CPU
	EndGlobalSection
	GlobalSection(SolutionProperties) = preSolution
		HideSolutionNode = FALSE
	EndGlobalSection
	GlobalSection(ExtensibilityGlobals) = postSolution
		SolutionGuid = {DE8A0C93-D910-4886-A1C2-BEA4F6B62B5E}
	EndGlobalSection
EndGlobal
